
Microsoft Visual Studio Solution File, Format Version 12.00
# Visual Studio 2017
Project("{FAE04EC0-301F-11D3-BF4B-00C04F79EFBC}") = "tetris", "tetris.csproj", "{9D2A99AC-DEF8-0B3D-8F84-C2A8845DEA6C}"
EndProject
Project("{FAE04EC0-301F-11D3-BF4B-00C04F79EFBC}") = "tetris.Editor", "tetris.Editor.csproj", "{2F496324-21F1-6C2F-2DCD-923717F0CED7}"
EndProject
Global
	GlobalSection(SolutionConfigurationPlatforms) = preSolution
		Debug|Any CPU = Debug|Any CPU
		Release|Any CPU = Release|Any CPU
	EndGlobalSection
	GlobalSection(ProjectConfigurationPlatforms) = postSolution
		{9D2A99AC-DEF8-0B3D-8F84-C2A8845DEA6C}.Debug|Any CPU.ActiveCfg = Debug|Any CPU
		{9D2A99AC-DEF8-0B3D-8F84-C2A8845DEA6C}.Debug|Any CPU.Build.0 = Debug|Any CPU
		{9D2A99AC-DEF8-0B3D-8F84-C2A8845DEA6C}.Release|Any CPU.ActiveCfg = Release|Any CPU
		{9D2A99AC-DEF8-0B3D-8F84-C2A8845DEA6C}.Release|Any CPU.Build.0 = Release|Any CPU
		{2F496324-21F1-6C2F-2DCD-923717F0CED7}.Debug|Any CPU.ActiveCfg = Debug|Any CPU
		{2F496324-21F1-6C2F-2DCD-923717F0CED7}.Debug|Any CPU.Build.0 = Debug|Any CPU
		{2F496324-21F1-6C2F-2DCD-923717F0CED7}.Release|Any CPU.ActiveCfg = Release|Any CPU
		{2F496324-21F1-6C2F-2DCD-923717F0CED7}.Release|Any CPU.Build.0 = Release|Any CPU
	EndGlobalSection
	GlobalSection(SolutionProperties) = preSolution
		HideSolutionNode = FALSE
	EndGlobalSection
EndGlobal
